<?xml version="1.0" encoding="utf-8"?>
<Project ToolsVersion="4.0" xmlns="http://schemas.microsoft.com/developer/msbuild/2003">
  <ItemGroup>
    <Filter Include="Source Files">
      <UniqueIdentifier>{4FC737F1-C7A5-4376-A066-2A32D752A2FF}</UniqueIdentifier>
      <Extensions>cpp;c;cc;cxx;def;odl;idl;hpj;bat;asm;asmx</Extensions>
    </Filter>
    <Filter Include="Header Files">
      <UniqueIdentifier>{93995380-89BD-4b04-88EB-625FBE52EBFB}</UniqueIdentifier>
      <Extensions>h;hh;hpp;hxx;hm;inl;inc;ipp;xsd</Extensions>
    </Filter>
    <Filter Include="Resource Files">
      <UniqueIdentifier>{67DA6AB6-F800-4c08-8B7A-83BB121AAD01}</UniqueIdentifier>
      <Extensions>rc;ico;cur;bmp;dlg;rc2;rct;bin;rgs;gif;jpg;jpeg;jpe;resx;tiff;tif;png;wav;mfcribbon-ms</Extensions>
    </Filter>
  </ItemGroup>
  <ItemGroup>
    <ClCompile Include="MainWindow.cpp">
      <Filter>Source Files</Filter>
    </ClCompile>
    <ClCompile Include="Game1.cpp">
      <Filter>Source Files</Filter>
    </ClCompile>
    <ClCompile Include="GoGame.cpp">
      <Filter>Source Files</Filter>
    </ClCompile>
    <ClCompile Include="Memory.cpp">
      <Filter>Source Files</Filter>
    </ClCompile>
    <ClCompile Include="SpaceInvaders.cpp">
      <Filter>Source Files</Filter>
    </ClCompile>
    <ClCompile Include="Pong.cpp">
      <Filter>Source Files</Filter>
    </ClCompile>
    <ClCompile Include="consoleWindow.cpp">
      <Filter>Source Files</Filter>
    </ClCompile>
    <ClCompile Include="ScratchOff.cpp">
      <Filter>Source Files</Filter>
    </ClCompile>
    <ClCompile Include="GuessMyNumber.cpp">
      <Filter>Source Files</Filter>
    </ClCompile>
    <ClCompile Include="FindTheAce.cpp">
      <Filter>Source Files</Filter>
    </ClCompile>
    <ClCompile Include="POSGamesMain.cpp">
      <Filter>Source Files</Filter>
    </ClCompile>
  </ItemGroup>
  <ItemGroup>
    <ClInclude Include="MainWindow.h">
      <Filter>Header Files</Filter>
    </ClInclude>
    <ClInclude Include="stdafx.h">
      <Filter>Header Files</Filter>
    </ClInclude>
    <ClInclude Include="Game1.h">
      <Filter>Header Files</Filter>
    </ClInclude>
    <ClInclude Include="GoGame.h">
      <Filter>Header Files</Filter>
    </ClInclude>
    <ClInclude Include="Memory.h">
      <Filter>Header Files</Filter>
    </ClInclude>
    <ClInclude Include="SpaceInvaders.h">
      <Filter>Header Files</Filter>
    </ClInclude>
    <ClInclude Include="Pong.h">
      <Filter>Header Files</Filter>
    </ClInclude>
    <ClInclude Include="stdoutRedirect.h">
      <Filter>Header Files</Filter>
    </ClInclude>
    <ClInclude Include="stdinRedirect.h">
      <Filter>Header Files</Filter>
    </ClInclude>
    <ClInclude Include="Game1_main.h">
      <Filter>Header Files</Filter>
    </ClInclude>
    <ClInclude Include="consoleWindow.h">
      <Filter>Header Files</Filter>
    </ClInclude>
    <ClInclude Include="randomList.h">
      <Filter>Header Files</Filter>
    </ClInclude>
    <ClInclude Include="ScratchOff.h">
      <Filter>Header Files</Filter>
    </ClInclude>
    <ClInclude Include="GuessMyNumber.h">
      <Filter>Header Files</Filter>
    </ClInclude>
    <ClInclude Include="FindTheAce.h">
      <Filter>Header Files</Filter>
    </ClInclude>
  </ItemGroup>
  <ItemGroup>
    <EmbeddedResource Include="MainWindow.resx">
      <Filter>Resource Files</Filter>
    </EmbeddedResource>
    <EmbeddedResource Include="Game1.resx">
      <Filter>Resource Files</Filter>
    </EmbeddedResource>
    <EmbeddedResource Include="GoGame.resx">
      <Filter>Resource Files</Filter>
    </EmbeddedResource>
    <EmbeddedResource Include="Memory.resx">
      <Filter>Resource Files</Filter>
    </EmbeddedResource>
    <EmbeddedResource Include="Pong.resx">
      <Filter>Resource Files</Filter>
    </EmbeddedResource>
    <EmbeddedResource Include="SpaceInvaders.resx">
      <Filter>Resource Files</Filter>
    </EmbeddedResource>
    <EmbeddedResource Include="FindTheAce.resx">
      <Filter>Resource Files</Filter>
    </EmbeddedResource>
    <EmbeddedResource Include="GuessMyNumber.resx">
      <Filter>Resource Files</Filter>
    </EmbeddedResource>
    <EmbeddedResource Include="ScratchOff.resx">
      <Filter>Resource Files</Filter>
    </EmbeddedResource>
  </ItemGroup>
  <ItemGroup>
    <Image Include="posgames_multisize.ico">
      <Filter>Resource Files</Filter>
    </Image>
    <Image Include="Core_cannon.jpg">
      <Filter>Resource Files</Filter>
    </Image>
    <Image Include="backOfCard.png">
      <Filter>Resource Files</Filter>
    </Image>
    <Image Include="blackKing1.jpg">
      <Filter>Resource Files</Filter>
    </Image>
    <Image Include="blackKingSpades.png">
      <Filter>Resource Files</Filter>
    </Image>
    <Image Include="RedAce.png">
      <Filter>Resource Files</Filter>
    </Image>
    <Image Include="space.png">
      <Filter>Resource Files</Filter>
    </Image>
  </ItemGroup>
  <ItemGroup>
    <ResourceCompile Include="Resource.rc">
      <Filter>Resource Files</Filter>
    </ResourceCompile>
  </ItemGroup>
</Project>